PODS:
  - Alamofire (5.3.0)
  - FlagKit (2.2)
  - GoogleMaps (6.0.1):
    - GoogleMaps/Maps (= 6.0.1)
  - GoogleMaps/Base (6.0.1)
  - GoogleMaps/Maps (6.0.1):
    - GoogleMaps/Base
  - Kingfisher (7.0.0)
  - SwiftLint (0.47.1)

DEPENDENCIES:
  - Alamofire (= 5.3)
  - FlagKit
  - GoogleMaps (= 6.0.1)
  - Kingfisher (= 7.0)
  - SwiftLint

SPEC REPOS:
  trunk:
    - Alamofire
    - FlagKit
    - GoogleMaps
    - Kingfisher
    - SwiftLint

SPEC CHECKSUMS:
  Alamofire: 2c792affbdc2f18016e08fdbcacd60aebe1ba593
  FlagKit: eca7dc89064b0c986302ba9acefad1bf80a435b1
  GoogleMaps: c213fc2334b7374144cede914da779b99be0ab74
  Kingfisher: 5efc54fec3980f92354898532e562cc17f31efb4
  SwiftLint: f80f1be7fa96d30e0aa68e58d45d4ea1ccaac519

PODFILE CHECKSUM: 89ae28f6cd225c9c7a333617afe1d587d019fa5f

COCOAPODS: 1.11.2
