// !$*UTF8*$!
{
	archiveVersion = 1;
	classes = {
	};
	objectVersion = 55;
	objects = {

/* Begin PBXBuildFile section */
		00C8BF3527F3100F00571078 /* SalamTechApp.swift in Sources */ = {isa = PBXBuildFile; fileRef = 00C8BF3427F3100F00571078 /* SalamTechApp.swift */; };
		00C8BF3727F3100F00571078 /* ContentView.swift in Sources */ = {isa = PBXBuildFile; fileRef = 00C8BF3627F3100F00571078 /* ContentView.swift */; };
		00C8BF3927F3101100571078 /* Assets.xcassets in Resources */ = {isa = PBXBuildFile; fileRef = 00C8BF3827F3101100571078 /* Assets.xcassets */; };
		00C8BF3C27F3101100571078 /* Preview Assets.xcassets in Resources */ = {isa = PBXBuildFile; fileRef = 00C8BF3B27F3101100571078 /* Preview Assets.xcassets */; };
		00C8BF4627F3101100571078 /* SalamTechTests.swift in Sources */ = {isa = PBXBuildFile; fileRef = 00C8BF4527F3101100571078 /* SalamTechTests.swift */; };
		00C8BF5027F3101100571078 /* SalamTechUITests.swift in Sources */ = {isa = PBXBuildFile; fileRef = 00C8BF4F27F3101100571078 /* SalamTechUITests.swift */; };
		00C8BF5227F3101100571078 /* SalamTechUITestsLaunchTests.swift in Sources */ = {isa = PBXBuildFile; fileRef = 00C8BF5127F3101100571078 /* SalamTechUITestsLaunchTests.swift */; };
		00C8BF6127F3182B00571078 /* ApiServices.swift in Sources */ = {isa = PBXBuildFile; fileRef = 00C8BF6027F3182B00571078 /* ApiServices.swift */; };
		00C8BF6327F319B100571078 /* Config.swift in Sources */ = {isa = PBXBuildFile; fileRef = 00C8BF6227F319B100571078 /* Config.swift */; };
		00C8BF6527F319BC00571078 /* Helper.swift in Sources */ = {isa = PBXBuildFile; fileRef = 00C8BF6427F319BC00571078 /* Helper.swift */; };
		00C8BF6727F31AE500571078 /* Language.swift in Sources */ = {isa = PBXBuildFile; fileRef = 00C8BF6627F31AE500571078 /* Language.swift */; };
		00C8BF6927F31AF200571078 /* LocalizationService.swift in Sources */ = {isa = PBXBuildFile; fileRef = 00C8BF6827F31AF200571078 /* LocalizationService.swift */; };
		00C8BF6B27F31AFB00571078 /* Strings.swift in Sources */ = {isa = PBXBuildFile; fileRef = 00C8BF6A27F31AFB00571078 /* Strings.swift */; };
		00C8BF6E27F31DFC00571078 /* Localizable.strings in Resources */ = {isa = PBXBuildFile; fileRef = 00C8BF7027F31DFC00571078 /* Localizable.strings */; };
		00C8BF7827F32CF200571078 /* Launch Screen.storyboard in Resources */ = {isa = PBXBuildFile; fileRef = 00C8BF7727F32CF200571078 /* Launch Screen.storyboard */; };
		00C8BF7A27F33E6100571078 /* OnBoardingView.swift in Sources */ = {isa = PBXBuildFile; fileRef = 00C8BF7927F33E6100571078 /* OnBoardingView.swift */; };
		00C8BF7C27F33EF900571078 /* WelcomeScreenView.swift in Sources */ = {isa = PBXBuildFile; fileRef = 00C8BF7B27F33EF900571078 /* WelcomeScreenView.swift */; };
		00C8BF7E27F33F3600571078 /* ButtonView.swift in Sources */ = {isa = PBXBuildFile; fileRef = 00C8BF7D27F33F3600571078 /* ButtonView.swift */; };
		04BB0A1BD42329BC2831F500 /* Pods_SalamTech.framework in Frameworks */ = {isa = PBXBuildFile; fileRef = 65479B042497C5DFC5A832A1 /* Pods_SalamTech.framework */; };
		1918DFA207A0CC6FF94AF63D /* Pods_SalamTech_SalamTechUITests.framework in Frameworks */ = {isa = PBXBuildFile; fileRef = 32A2170404AA096A4A74F173 /* Pods_SalamTech_SalamTechUITests.framework */; };
		7CB4E5FB7B3B479FFD8B700D /* Pods_SalamTechTests.framework in Frameworks */ = {isa = PBXBuildFile; fileRef = CAA2FE3591EB0D09F1CEDFF0 /* Pods_SalamTechTests.framework */; };
/* End PBXBuildFile section */

/* Begin PBXContainerItemProxy section */
		00C8BF4227F3101100571078 /* PBXContainerItemProxy */ = {
			isa = PBXContainerItemProxy;
			containerPortal = 00C8BF2927F3100F00571078 /* Project object */;
			proxyType = 1;
			remoteGlobalIDString = 00C8BF3027F3100F00571078;
			remoteInfo = SalamTech;
		};
		00C8BF4C27F3101100571078 /* PBXContainerItemProxy */ = {
			isa = PBXContainerItemProxy;
			containerPortal = 00C8BF2927F3100F00571078 /* Project object */;
			proxyType = 1;
			remoteGlobalIDString = 00C8BF3027F3100F00571078;
			remoteInfo = SalamTech;
		};
/* End PBXContainerItemProxy section */

/* Begin PBXFileReference section */
		00C8BF3127F3100F00571078 /* SalamTech.app */ = {isa = PBXFileReference; explicitFileType = wrapper.application; includeInIndex = 0; path = SalamTech.app; sourceTree = BUILT_PRODUCTS_DIR; };
		00C8BF3427F3100F00571078 /* SalamTechApp.swift */ = {isa = PBXFileReference; lastKnownFileType = sourcecode.swift; path = SalamTechApp.swift; sourceTree = "<group>"; };
		00C8BF3627F3100F00571078 /* ContentView.swift */ = {isa = PBXFileReference; lastKnownFileType = sourcecode.swift; path = ContentView.swift; sourceTree = "<group>"; };
		00C8BF3827F3101100571078 /* Assets.xcassets */ = {isa = PBXFileReference; lastKnownFileType = folder.assetcatalog; path = Assets.xcassets; sourceTree = "<group>"; };
		00C8BF3B27F3101100571078 /* Preview Assets.xcassets */ = {isa = PBXFileReference; lastKnownFileType = folder.assetcatalog; path = "Preview Assets.xcassets"; sourceTree = "<group>"; };
		00C8BF4127F3101100571078 /* SalamTechTests.xctest */ = {isa = PBXFileReference; explicitFileType = wrapper.cfbundle; includeInIndex = 0; path = SalamTechTests.xctest; sourceTree = BUILT_PRODUCTS_DIR; };
		00C8BF4527F3101100571078 /* SalamTechTests.swift */ = {isa = PBXFileReference; lastKnownFileType = sourcecode.swift; path = SalamTechTests.swift; sourceTree = "<group>"; };
		00C8BF4B27F3101100571078 /* SalamTechUITests.xctest */ = {isa = PBXFileReference; explicitFileType = wrapper.cfbundle; includeInIndex = 0; path = SalamTechUITests.xctest; sourceTree = BUILT_PRODUCTS_DIR; };
		00C8BF4F27F3101100571078 /* SalamTechUITests.swift */ = {isa = PBXFileReference; lastKnownFileType = sourcecode.swift; path = SalamTechUITests.swift; sourceTree = "<group>"; };
		00C8BF5127F3101100571078 /* SalamTechUITestsLaunchTests.swift */ = {isa = PBXFileReference; lastKnownFileType = sourcecode.swift; path = SalamTechUITestsLaunchTests.swift; sourceTree = "<group>"; };
		00C8BF6027F3182B00571078 /* ApiServices.swift */ = {isa = PBXFileReference; lastKnownFileType = sourcecode.swift; path = ApiServices.swift; sourceTree = "<group>"; };
		00C8BF6227F319B100571078 /* Config.swift */ = {isa = PBXFileReference; lastKnownFileType = sourcecode.swift; path = Config.swift; sourceTree = "<group>"; };
		00C8BF6427F319BC00571078 /* Helper.swift */ = {isa = PBXFileReference; lastKnownFileType = sourcecode.swift; path = Helper.swift; sourceTree = "<group>"; };
		00C8BF6627F31AE500571078 /* Language.swift */ = {isa = PBXFileReference; lastKnownFileType = sourcecode.swift; path = Language.swift; sourceTree = "<group>"; };
		00C8BF6827F31AF200571078 /* LocalizationService.swift */ = {isa = PBXFileReference; lastKnownFileType = sourcecode.swift; path = LocalizationService.swift; sourceTree = "<group>"; };
		00C8BF6A27F31AFB00571078 /* Strings.swift */ = {isa = PBXFileReference; lastKnownFileType = sourcecode.swift; path = Strings.swift; sourceTree = "<group>"; };
		00C8BF6F27F31DFC00571078 /* en */ = {isa = PBXFileReference; lastKnownFileType = text.plist.strings; name = en; path = en.lproj/Localizable.strings; sourceTree = "<group>"; };
		00C8BF7127F31E1100571078 /* ar */ = {isa = PBXFileReference; lastKnownFileType = text.plist.strings; name = ar; path = ar.lproj/Localizable.strings; sourceTree = "<group>"; };
		00C8BF7727F32CF200571078 /* Launch Screen.storyboard */ = {isa = PBXFileReference; lastKnownFileType = file.storyboard; path = "Launch Screen.storyboard"; sourceTree = "<group>"; };
		00C8BF7927F33E6100571078 /* OnBoardingView.swift */ = {isa = PBXFileReference; lastKnownFileType = sourcecode.swift; path = OnBoardingView.swift; sourceTree = "<group>"; };
		00C8BF7B27F33EF900571078 /* WelcomeScreenView.swift */ = {isa = PBXFileReference; lastKnownFileType = sourcecode.swift; path = WelcomeScreenView.swift; sourceTree = "<group>"; };
		00C8BF7D27F33F3600571078 /* ButtonView.swift */ = {isa = PBXFileReference; lastKnownFileType = sourcecode.swift; path = ButtonView.swift; sourceTree = "<group>"; };
		24DE8F3F0A5F0F7DD4165F49 /* Pods-SalamTech-SalamTechUITests.debug.xcconfig */ = {isa = PBXFileReference; includeInIndex = 1; lastKnownFileType = text.xcconfig; name = "Pods-SalamTech-SalamTechUITests.debug.xcconfig"; path = "Target Support Files/Pods-SalamTech-SalamTechUITests/Pods-SalamTech-SalamTechUITests.debug.xcconfig"; sourceTree = "<group>"; };
		3039284D91CEB8FE62401BF1 /* Pods-SalamTech.debug.xcconfig */ = {isa = PBXFileReference; includeInIndex = 1; lastKnownFileType = text.xcconfig; name = "Pods-SalamTech.debug.xcconfig"; path = "Target Support Files/Pods-SalamTech/Pods-SalamTech.debug.xcconfig"; sourceTree = "<group>"; };
		32A2170404AA096A4A74F173 /* Pods_SalamTech_SalamTechUITests.framework */ = {isa = PBXFileReference; explicitFileType = wrapper.framework; includeInIndex = 0; path = Pods_SalamTech_SalamTechUITests.framework; sourceTree = BUILT_PRODUCTS_DIR; };
		57C78CE11DBABDA2067C6D67 /* Pods-SalamTechTests.release.xcconfig */ = {isa = PBXFileReference; includeInIndex = 1; lastKnownFileType = text.xcconfig; name = "Pods-SalamTechTests.release.xcconfig"; path = "Target Support Files/Pods-SalamTechTests/Pods-SalamTechTests.release.xcconfig"; sourceTree = "<group>"; };
		65479B042497C5DFC5A832A1 /* Pods_SalamTech.framework */ = {isa = PBXFileReference; explicitFileType = wrapper.framework; includeInIndex = 0; path = Pods_SalamTech.framework; sourceTree = BUILT_PRODUCTS_DIR; };
		C145927D956D714580D8CBE3 /* Pods-SalamTech-SalamTechUITests.release.xcconfig */ = {isa = PBXFileReference; includeInIndex = 1; lastKnownFileType = text.xcconfig; name = "Pods-SalamTech-SalamTechUITests.release.xcconfig"; path = "Target Support Files/Pods-SalamTech-SalamTechUITests/Pods-SalamTech-SalamTechUITests.release.xcconfig"; sourceTree = "<group>"; };
		CAA2FE3591EB0D09F1CEDFF0 /* Pods_SalamTechTests.framework */ = {isa = PBXFileReference; explicitFileType = wrapper.framework; includeInIndex = 0; path = Pods_SalamTechTests.framework; sourceTree = BUILT_PRODUCTS_DIR; };
		E9D7F5ECDA5BCB64B1A92F60 /* Pods-SalamTechTests.debug.xcconfig */ = {isa = PBXFileReference; includeInIndex = 1; lastKnownFileType = text.xcconfig; name = "Pods-SalamTechTests.debug.xcconfig"; path = "Target Support Files/Pods-SalamTechTests/Pods-SalamTechTests.debug.xcconfig"; sourceTree = "<group>"; };
		F946DBB628833504E3FBA622 /* Pods-SalamTech.release.xcconfig */ = {isa = PBXFileReference; includeInIndex = 1; lastKnownFileType = text.xcconfig; name = "Pods-SalamTech.release.xcconfig"; path = "Target Support Files/Pods-SalamTech/Pods-SalamTech.release.xcconfig"; sourceTree = "<group>"; };
/* End PBXFileReference section */

/* Begin PBXFrameworksBuildPhase section */
		00C8BF2E27F3100F00571078 /* Frameworks */ = {
			isa = PBXFrameworksBuildPhase;
			buildActionMask = 2147483647;
			files = (
				04BB0A1BD42329BC2831F500 /* Pods_SalamTech.framework in Frameworks */,
			);
			runOnlyForDeploymentPostprocessing = 0;
		};
		00C8BF3E27F3101100571078 /* Frameworks */ = {
			isa = PBXFrameworksBuildPhase;
			buildActionMask = 2147483647;
			files = (
				7CB4E5FB7B3B479FFD8B700D /* Pods_SalamTechTests.framework in Frameworks */,
			);
			runOnlyForDeploymentPostprocessing = 0;
		};
		00C8BF4827F3101100571078 /* Frameworks */ = {
			isa = PBXFrameworksBuildPhase;
			buildActionMask = 2147483647;
			files = (
				1918DFA207A0CC6FF94AF63D /* Pods_SalamTech_SalamTechUITests.framework in Frameworks */,
			);
			runOnlyForDeploymentPostprocessing = 0;
		};
/* End PBXFrameworksBuildPhase section */

/* Begin PBXGroup section */
		00C8BF2827F3100F00571078 = {
			isa = PBXGroup;
			children = (
				00C8BF7727F32CF200571078 /* Launch Screen.storyboard */,
				00C8BF3327F3100F00571078 /* SalamTech */,
				00C8BF4427F3101100571078 /* SalamTechTests */,
				00C8BF4E27F3101100571078 /* SalamTechUITests */,
				00C8BF3227F3100F00571078 /* Products */,
				D7F4A9B52D71670893547C28 /* Pods */,
				CD569FB038916C84D66F14AB /* Frameworks */,
			);
			sourceTree = "<group>";
		};
		00C8BF3227F3100F00571078 /* Products */ = {
			isa = PBXGroup;
			children = (
				00C8BF3127F3100F00571078 /* SalamTech.app */,
				00C8BF4127F3101100571078 /* SalamTechTests.xctest */,
				00C8BF4B27F3101100571078 /* SalamTechUITests.xctest */,
			);
			name = Products;
			sourceTree = "<group>";
		};
		00C8BF3327F3100F00571078 /* SalamTech */ = {
			isa = PBXGroup;
			children = (
				00C8BF7327F32B4500571078 /* Components */,
				00C8BF7227F32B2700571078 /* SalamTechModules */,
				00C8BF5F27F3180A00571078 /* Localization */,
				00C8BF5E27F317FF00571078 /* Services */,
				00C8BF3427F3100F00571078 /* SalamTechApp.swift */,
				00C8BF3627F3100F00571078 /* ContentView.swift */,
				00C8BF3827F3101100571078 /* Assets.xcassets */,
				00C8BF3A27F3101100571078 /* Preview Content */,
				00C8BF7027F31DFC00571078 /* Localizable.strings */,
			);
			path = SalamTech;
			sourceTree = "<group>";
		};
		00C8BF3A27F3101100571078 /* Preview Content */ = {
			isa = PBXGroup;
			children = (
				00C8BF3B27F3101100571078 /* Preview Assets.xcassets */,
			);
			path = "Preview Content";
			sourceTree = "<group>";
		};
		00C8BF4427F3101100571078 /* SalamTechTests */ = {
			isa = PBXGroup;
			children = (
				00C8BF4527F3101100571078 /* SalamTechTests.swift */,
			);
			path = SalamTechTests;
			sourceTree = "<group>";
		};
		00C8BF4E27F3101100571078 /* SalamTechUITests */ = {
			isa = PBXGroup;
			children = (
				00C8BF4F27F3101100571078 /* SalamTechUITests.swift */,
				00C8BF5127F3101100571078 /* SalamTechUITestsLaunchTests.swift */,
			);
			path = SalamTechUITests;
			sourceTree = "<group>";
		};
		00C8BF5E27F317FF00571078 /* Services */ = {
			isa = PBXGroup;
			children = (
				00C8BF6027F3182B00571078 /* ApiServices.swift */,
				00C8BF6227F319B100571078 /* Config.swift */,
				00C8BF6427F319BC00571078 /* Helper.swift */,
			);
			path = Services;
			sourceTree = "<group>";
		};
		00C8BF5F27F3180A00571078 /* Localization */ = {
			isa = PBXGroup;
			children = (
				00C8BF6627F31AE500571078 /* Language.swift */,
				00C8BF6827F31AF200571078 /* LocalizationService.swift */,
				00C8BF6A27F31AFB00571078 /* Strings.swift */,
			);
			path = Localization;
			sourceTree = "<group>";
		};
		00C8BF7227F32B2700571078 /* SalamTechModules */ = {
			isa = PBXGroup;
			children = (
				00C8BF7627F32B8D00571078 /* LoginModule */,
				00C8BF7527F32B7F00571078 /* SignUpModule */,
				00C8BF7427F32B6E00571078 /* OnBoardingModule */,
			);
			path = SalamTechModules;
			sourceTree = "<group>";
		};
		00C8BF7327F32B4500571078 /* Components */ = {
			isa = PBXGroup;
			children = (
				00C8BF7D27F33F3600571078 /* ButtonView.swift */,
			);
			path = Components;
			sourceTree = "<group>";
		};
		00C8BF7427F32B6E00571078 /* OnBoardingModule */ = {
			isa = PBXGroup;
			children = (
				00C8BF7927F33E6100571078 /* OnBoardingView.swift */,
				00C8BF7B27F33EF900571078 /* WelcomeScreenView.swift */,
			);
			path = OnBoardingModule;
			sourceTree = "<group>";
		};
		00C8BF7527F32B7F00571078 /* SignUpModule */ = {
			isa = PBXGroup;
			children = (
			);
			path = SignUpModule;
			sourceTree = "<group>";
		};
		00C8BF7627F32B8D00571078 /* LoginModule */ = {
			isa = PBXGroup;
			children = (
			);
			path = LoginModule;
			sourceTree = "<group>";
		};
		CD569FB038916C84D66F14AB /* Frameworks */ = {
			isa = PBXGroup;
			children = (
				65479B042497C5DFC5A832A1 /* Pods_SalamTech.framework */,
				32A2170404AA096A4A74F173 /* Pods_SalamTech_SalamTechUITests.framework */,
				CAA2FE3591EB0D09F1CEDFF0 /* Pods_SalamTechTests.framework */,
			);
			name = Frameworks;
			sourceTree = "<group>";
		};
		D7F4A9B52D71670893547C28 /* Pods */ = {
			isa = PBXGroup;
			children = (
				3039284D91CEB8FE62401BF1 /* Pods-SalamTech.debug.xcconfig */,
				F946DBB628833504E3FBA622 /* Pods-SalamTech.release.xcconfig */,
				24DE8F3F0A5F0F7DD4165F49 /* Pods-SalamTech-SalamTechUITests.debug.xcconfig */,
				C145927D956D714580D8CBE3 /* Pods-SalamTech-SalamTechUITests.release.xcconfig */,
				E9D7F5ECDA5BCB64B1A92F60 /* Pods-SalamTechTests.debug.xcconfig */,
				57C78CE11DBABDA2067C6D67 /* Pods-SalamTechTests.release.xcconfig */,
			);
			path = Pods;
			sourceTree = "<group>";
		};
/* End PBXGroup section */

/* Begin PBXNativeTarget section */
		00C8BF3027F3100F00571078 /* SalamTech */ = {
			isa = PBXNativeTarget;
			buildConfigurationList = 00C8BF5527F3101100571078 /* Build configuration list for PBXNativeTarget "SalamTech" */;
			buildPhases = (
				FD12AF66A6CE3938A4650227 /* [CP] Check Pods Manifest.lock */,
				00C8BF2D27F3100F00571078 /* Sources */,
				00C8BF2E27F3100F00571078 /* Frameworks */,
				00C8BF2F27F3100F00571078 /* Resources */,
				CF7ED32AD2367364915B3A30 /* [CP] Embed Pods Frameworks */,
				A90B5335934F87244541740E /* [CP] Copy Pods Resources */,
			);
			buildRules = (
			);
			dependencies = (
			);
			name = SalamTech;
			productName = SalamTech;
			productReference = 00C8BF3127F3100F00571078 /* SalamTech.app */;
			productType = "com.apple.product-type.application";
		};
		00C8BF4027F3101100571078 /* SalamTechTests */ = {
			isa = PBXNativeTarget;
			buildConfigurationList = 00C8BF5827F3101100571078 /* Build configuration list for PBXNativeTarget "SalamTechTests" */;
			buildPhases = (
				E452BD0978B423F66B93F762 /* [CP] Check Pods Manifest.lock */,
				00C8BF3D27F3101100571078 /* Sources */,
				00C8BF3E27F3101100571078 /* Frameworks */,
				00C8BF3F27F3101100571078 /* Resources */,
			);
			buildRules = (
			);
			dependencies = (
				00C8BF4327F3101100571078 /* PBXTargetDependency */,
			);
			name = SalamTechTests;
			productName = SalamTechTests;
			productReference = 00C8BF4127F3101100571078 /* SalamTechTests.xctest */;
			productType = "com.apple.product-type.bundle.unit-test";
		};
		00C8BF4A27F3101100571078 /* SalamTechUITests */ = {
			isa = PBXNativeTarget;
			buildConfigurationList = 00C8BF5B27F3101100571078 /* Build configuration list for PBXNativeTarget "SalamTechUITests" */;
			buildPhases = (
				71ED5EAAAF13C9B89445C6BE /* [CP] Check Pods Manifest.lock */,
				00C8BF4727F3101100571078 /* Sources */,
				00C8BF4827F3101100571078 /* Frameworks */,
				00C8BF4927F3101100571078 /* Resources */,
				B6C54AA9556A81DB2B9A3F2C /* [CP] Embed Pods Frameworks */,
				C3E364A011E6D697DDD2D344 /* [CP] Copy Pods Resources */,
			);
			buildRules = (
			);
			dependencies = (
				00C8BF4D27F3101100571078 /* PBXTargetDependency */,
			);
			name = SalamTechUITests;
			productName = SalamTechUITests;
			productReference = 00C8BF4B27F3101100571078 /* SalamTechUITests.xctest */;
			productType = "com.apple.product-type.bundle.ui-testing";
		};
/* End PBXNativeTarget section */

/* Begin PBXProject section */
		00C8BF2927F3100F00571078 /* Project object */ = {
			isa = PBXProject;
			attributes = {
				BuildIndependentTargetsInParallel = 1;
				LastSwiftUpdateCheck = 1320;
				LastUpgradeCheck = 1320;
				TargetAttributes = {
					00C8BF3027F3100F00571078 = {
						CreatedOnToolsVersion = 13.2.1;
					};
					00C8BF4027F3101100571078 = {
						CreatedOnToolsVersion = 13.2.1;
						TestTargetID = 00C8BF3027F3100F00571078;
					};
					00C8BF4A27F3101100571078 = {
						CreatedOnToolsVersion = 13.2.1;
						TestTargetID = 00C8BF3027F3100F00571078;
					};
				};
			};
			buildConfigurationList = 00C8BF2C27F3100F00571078 /* Build configuration list for PBXProject "SalamTech" */;
			compatibilityVersion = "Xcode 13.0";
			developmentRegion = en;
			hasScannedForEncodings = 0;
			knownRegions = (
				en,
				Base,
				ar,
			);
			mainGroup = 00C8BF2827F3100F00571078;
			productRefGroup = 00C8BF3227F3100F00571078 /* Products */;
			projectDirPath = "";
			projectRoot = "";
			targets = (
				00C8BF3027F3100F00571078 /* SalamTech */,
				00C8BF4027F3101100571078 /* SalamTechTests */,
				00C8BF4A27F3101100571078 /* SalamTechUITests */,
			);
		};
/* End PBXProject section */

/* Begin PBXResourcesBuildPhase section */
		00C8BF2F27F3100F00571078 /* Resources */ = {
			isa = PBXResourcesBuildPhase;
			buildActionMask = 2147483647;
			files = (
				00C8BF3C27F3101100571078 /* Preview Assets.xcassets in Resources */,
				00C8BF6E27F31DFC00571078 /* Localizable.strings in Resources */,
				00C8BF7827F32CF200571078 /* Launch Screen.storyboard in Resources */,
				00C8BF3927F3101100571078 /* Assets.xcassets in Resources */,
			);
			runOnlyForDeploymentPostprocessing = 0;
		};
		00C8BF3F27F3101100571078 /* Resources */ = {
			isa = PBXResourcesBuildPhase;
			buildActionMask = 2147483647;
			files = (
			);
			runOnlyForDeploymentPostprocessing = 0;
		};
		00C8BF4927F3101100571078 /* Resources */ = {
			isa = PBXResourcesBuildPhase;
			buildActionMask = 2147483647;
			files = (
			);
			runOnlyForDeploymentPostprocessing = 0;
		};
/* End PBXResourcesBuildPhase section */

/* Begin PBXShellScriptBuildPhase section */
		71ED5EAAAF13C9B89445C6BE /* [CP] Check Pods Manifest.lock */ = {
			isa = PBXShellScriptBuildPhase;
			buildActionMask = 2147483647;
			files = (
			);
			inputFileListPaths = (
			);
			inputPaths = (
				"${PODS_PODFILE_DIR_PATH}/Podfile.lock",
				"${PODS_ROOT}/Manifest.lock",
			);
			name = "[CP] Check Pods Manifest.lock";
			outputFileListPaths = (
			);
			outputPaths = (
				"$(DERIVED_FILE_DIR)/Pods-SalamTech-SalamTechUITests-checkManifestLockResult.txt",
			);
			runOnlyForDeploymentPostprocessing = 0;
			shellPath = /bin/sh;
			shellScript = "diff \"${PODS_PODFILE_DIR_PATH}/Podfile.lock\" \"${PODS_ROOT}/Manifest.lock\" > /dev/null\nif [ $? != 0 ] ; then\n    # print error to STDERR\n    echo \"error: The sandbox is not in sync with the Podfile.lock. Run 'pod install' or update your CocoaPods installation.\" >&2\n    exit 1\nfi\n# This output is used by Xcode 'outputs' to avoid re-running this script phase.\necho \"SUCCESS\" > \"${SCRIPT_OUTPUT_FILE_0}\"\n";
			showEnvVarsInLog = 0;
		};
		A90B5335934F87244541740E /* [CP] Copy Pods Resources */ = {
			isa = PBXShellScriptBuildPhase;
			buildActionMask = 2147483647;
			files = (
			);
			inputFileListPaths = (
				"${PODS_ROOT}/Target Support Files/Pods-SalamTech/Pods-SalamTech-resources-${CONFIGURATION}-input-files.xcfilelist",
			);
			name = "[CP] Copy Pods Resources";
			outputFileListPaths = (
				"${PODS_ROOT}/Target Support Files/Pods-SalamTech/Pods-SalamTech-resources-${CONFIGURATION}-output-files.xcfilelist",
			);
			runOnlyForDeploymentPostprocessing = 0;
			shellPath = /bin/sh;
			shellScript = "\"${PODS_ROOT}/Target Support Files/Pods-SalamTech/Pods-SalamTech-resources.sh\"\n";
			showEnvVarsInLog = 0;
		};
		B6C54AA9556A81DB2B9A3F2C /* [CP] Embed Pods Frameworks */ = {
			isa = PBXShellScriptBuildPhase;
			buildActionMask = 2147483647;
			files = (
			);
			inputFileListPaths = (
				"${PODS_ROOT}/Target Support Files/Pods-SalamTech-SalamTechUITests/Pods-SalamTech-SalamTechUITests-frameworks-${CONFIGURATION}-input-files.xcfilelist",
			);
			name = "[CP] Embed Pods Frameworks";
			outputFileListPaths = (
				"${PODS_ROOT}/Target Support Files/Pods-SalamTech-SalamTechUITests/Pods-SalamTech-SalamTechUITests-frameworks-${CONFIGURATION}-output-files.xcfilelist",
			);
			runOnlyForDeploymentPostprocessing = 0;
			shellPath = /bin/sh;
			shellScript = "\"${PODS_ROOT}/Target Support Files/Pods-SalamTech-SalamTechUITests/Pods-SalamTech-SalamTechUITests-frameworks.sh\"\n";
			showEnvVarsInLog = 0;
		};
		C3E364A011E6D697DDD2D344 /* [CP] Copy Pods Resources */ = {
			isa = PBXShellScriptBuildPhase;
			buildActionMask = 2147483647;
			files = (
			);
			inputFileListPaths = (
				"${PODS_ROOT}/Target Support Files/Pods-SalamTech-SalamTechUITests/Pods-SalamTech-SalamTechUITests-resources-${CONFIGURATION}-input-files.xcfilelist",
			);
			name = "[CP] Copy Pods Resources";
			outputFileListPaths = (
				"${PODS_ROOT}/Target Support Files/Pods-SalamTech-SalamTechUITests/Pods-SalamTech-SalamTechUITests-resources-${CONFIGURATION}-output-files.xcfilelist",
			);
			runOnlyForDeploymentPostprocessing = 0;
			shellPath = /bin/sh;
			shellScript = "\"${PODS_ROOT}/Target Support Files/Pods-SalamTech-SalamTechUITests/Pods-SalamTech-SalamTechUITests-resources.sh\"\n";
			showEnvVarsInLog = 0;
		};
		CF7ED32AD2367364915B3A30 /* [CP] Embed Pods Frameworks */ = {
			isa = PBXShellScriptBuildPhase;
			buildActionMask = 2147483647;
			files = (
			);
			inputFileListPaths = (
				"${PODS_ROOT}/Target Support Files/Pods-SalamTech/Pods-SalamTech-frameworks-${CONFIGURATION}-input-files.xcfilelist",
			);
			name = "[CP] Embed Pods Frameworks";
			outputFileListPaths = (
				"${PODS_ROOT}/Target Support Files/Pods-SalamTech/Pods-SalamTech-frameworks-${CONFIGURATION}-output-files.xcfilelist",
			);
			runOnlyForDeploymentPostprocessing = 0;
			shellPath = /bin/sh;
			shellScript = "\"${PODS_ROOT}/Target Support Files/Pods-SalamTech/Pods-SalamTech-frameworks.sh\"\n";
			showEnvVarsInLog = 0;
		};
		E452BD0978B423F66B93F762 /* [CP] Check Pods Manifest.lock */ = {
			isa = PBXShellScriptBuildPhase;
			buildActionMask = 2147483647;
			files = (
			);
			inputFileListPaths = (
			);
			inputPaths = (
				"${PODS_PODFILE_DIR_PATH}/Podfile.lock",
				"${PODS_ROOT}/Manifest.lock",
			);
			name = "[CP] Check Pods Manifest.lock";
			outputFileListPaths = (
			);
			outputPaths = (
				"$(DERIVED_FILE_DIR)/Pods-SalamTechTests-checkManifestLockResult.txt",
			);
			runOnlyForDeploymentPostprocessing = 0;
			shellPath = /bin/sh;
			shellScript = "diff \"${PODS_PODFILE_DIR_PATH}/Podfile.lock\" \"${PODS_ROOT}/Manifest.lock\" > /dev/null\nif [ $? != 0 ] ; then\n    # print error to STDERR\n    echo \"error: The sandbox is not in sync with the Podfile.lock. Run 'pod install' or update your CocoaPods installation.\" >&2\n    exit 1\nfi\n# This output is used by Xcode 'outputs' to avoid re-running this script phase.\necho \"SUCCESS\" > \"${SCRIPT_OUTPUT_FILE_0}\"\n";
			showEnvVarsInLog = 0;
		};
		FD12AF66A6CE3938A4650227 /* [CP] Check Pods Manifest.lock */ = {
			isa = PBXShellScriptBuildPhase;
			buildActionMask = 2147483647;
			files = (
			);
			inputFileListPaths = (
			);
			inputPaths = (
				"${PODS_PODFILE_DIR_PATH}/Podfile.lock",
				"${PODS_ROOT}/Manifest.lock",
			);
			name = "[CP] Check Pods Manifest.lock";
			outputFileListPaths = (
			);
			outputPaths = (
				"$(DERIVED_FILE_DIR)/Pods-SalamTech-checkManifestLockResult.txt",
			);
			runOnlyForDeploymentPostprocessing = 0;
			shellPath = /bin/sh;
			shellScript = "diff \"${PODS_PODFILE_DIR_PATH}/Podfile.lock\" \"${PODS_ROOT}/Manifest.lock\" > /dev/null\nif [ $? != 0 ] ; then\n    # print error to STDERR\n    echo \"error: The sandbox is not in sync with the Podfile.lock. Run 'pod install' or update your CocoaPods installation.\" >&2\n    exit 1\nfi\n# This output is used by Xcode 'outputs' to avoid re-running this script phase.\necho \"SUCCESS\" > \"${SCRIPT_OUTPUT_FILE_0}\"\n";
			showEnvVarsInLog = 0;
		};
/* End PBXShellScriptBuildPhase section */

/* Begin PBXSourcesBuildPhase section */
		00C8BF2D27F3100F00571078 /* Sources */ = {
			isa = PBXSourcesBuildPhase;
			buildActionMask = 2147483647;
			files = (
				00C8BF6927F31AF200571078 /* LocalizationService.swift in Sources */,
				00C8BF7C27F33EF900571078 /* WelcomeScreenView.swift in Sources */,
				00C8BF6127F3182B00571078 /* ApiServices.swift in Sources */,
				00C8BF6B27F31AFB00571078 /* Strings.swift in Sources */,
				00C8BF7A27F33E6100571078 /* OnBoardingView.swift in Sources */,
				00C8BF6327F319B100571078 /* Config.swift in Sources */,
				00C8BF7E27F33F3600571078 /* ButtonView.swift in Sources */,
				00C8BF6527F319BC00571078 /* Helper.swift in Sources */,
				00C8BF6727F31AE500571078 /* Language.swift in Sources */,
				00C8BF3727F3100F00571078 /* ContentView.swift in Sources */,
				00C8BF3527F3100F00571078 /* SalamTechApp.swift in Sources */,
			);
			runOnlyForDeploymentPostprocessing = 0;
		};
		00C8BF3D27F3101100571078 /* Sources */ = {
			isa = PBXSourcesBuildPhase;
			buildActionMask = 2147483647;
			files = (
				00C8BF4627F3101100571078 /* SalamTechTests.swift in Sources */,
			);
			runOnlyForDeploymentPostprocessing = 0;
		};
		00C8BF4727F3101100571078 /* Sources */ = {
			isa = PBXSourcesBuildPhase;
			buildActionMask = 2147483647;
			files = (
				00C8BF5027F3101100571078 /* SalamTechUITests.swift in Sources */,
				00C8BF5227F3101100571078 /* SalamTechUITestsLaunchTests.swift in Sources */,
			);
			runOnlyForDeploymentPostprocessing = 0;
		};
/* End PBXSourcesBuildPhase section */

/* Begin PBXTargetDependency section */
		00C8BF4327F3101100571078 /* PBXTargetDependency */ = {
			isa = PBXTargetDependency;
			target = 00C8BF3027F3100F00571078 /* SalamTech */;
			targetProxy = 00C8BF4227F3101100571078 /* PBXContainerItemProxy */;
		};
		00C8BF4D27F3101100571078 /* PBXTargetDependency */ = {
			isa = PBXTargetDependency;
			target = 00C8BF3027F3100F00571078 /* SalamTech */;
			targetProxy = 00C8BF4C27F3101100571078 /* PBXContainerItemProxy */;
		};
/* End PBXTargetDependency section */

/* Begin PBXVariantGroup section */
		00C8BF7027F31DFC00571078 /* Localizable.strings */ = {
			isa = PBXVariantGroup;
			children = (
				00C8BF6F27F31DFC00571078 /* en */,
				00C8BF7127F31E1100571078 /* ar */,
			);
			name = Localizable.strings;
			sourceTree = "<group>";
		};
/* End PBXVariantGroup section */

/* Begin XCBuildConfiguration section */
		00C8BF5327F3101100571078 /* Debug */ = {
			isa = XCBuildConfiguration;
			buildSettings = {
				ALWAYS_SEARCH_USER_PATHS = NO;
				CLANG_ANALYZER_LOCALIZABILITY_NONLOCALIZED = YES;
				CLANG_ANALYZER_NONNULL = YES;
				CLANG_ANALYZER_NUMBER_OBJECT_CONVERSION = YES_AGGRESSIVE;
				CLANG_CXX_LANGUAGE_STANDARD = "gnu++17";
				CLANG_CXX_LIBRARY = "libc++";
				CLANG_ENABLE_MODULES = YES;
				CLANG_ENABLE_OBJC_ARC = YES;
				CLANG_ENABLE_OBJC_WEAK = YES;
				CLANG_WARN_BLOCK_CAPTURE_AUTORELEASING = YES;
				CLANG_WARN_BOOL_CONVERSION = YES;
				CLANG_WARN_COMMA = YES;
				CLANG_WARN_CONSTANT_CONVERSION = YES;
				CLANG_WARN_DEPRECATED_OBJC_IMPLEMENTATIONS = YES;
				CLANG_WARN_DIRECT_OBJC_ISA_USAGE = YES_ERROR;
				CLANG_WARN_DOCUMENTATION_COMMENTS = YES;
				CLANG_WARN_EMPTY_BODY = YES;
				CLANG_WARN_ENUM_CONVERSION = YES;
				CLANG_WARN_INFINITE_RECURSION = YES;
				CLANG_WARN_INT_CONVERSION = YES;
				CLANG_WARN_NON_LITERAL_NULL_CONVERSION = YES;
				CLANG_WARN_OBJC_IMPLICIT_RETAIN_SELF = YES;
				CLANG_WARN_OBJC_LITERAL_CONVERSION = YES;
				CLANG_WARN_OBJC_ROOT_CLASS = YES_ERROR;
				CLANG_WARN_QUOTED_INCLUDE_IN_FRAMEWORK_HEADER = YES;
				CLANG_WARN_RANGE_LOOP_ANALYSIS = YES;
				CLANG_WARN_STRICT_PROTOTYPES = YES;
				CLANG_WARN_SUSPICIOUS_MOVE = YES;
				CLANG_WARN_UNGUARDED_AVAILABILITY = YES_AGGRESSIVE;
				CLANG_WARN_UNREACHABLE_CODE = YES;
				CLANG_WARN__DUPLICATE_METHOD_MATCH = YES;
				COPY_PHASE_STRIP = NO;
				DEBUG_INFORMATION_FORMAT = dwarf;
				ENABLE_STRICT_OBJC_MSGSEND = YES;
				ENABLE_TESTABILITY = YES;
				GCC_C_LANGUAGE_STANDARD = gnu11;
				GCC_DYNAMIC_NO_PIC = NO;
				GCC_NO_COMMON_BLOCKS = YES;
				GCC_OPTIMIZATION_LEVEL = 0;
				GCC_PREPROCESSOR_DEFINITIONS = (
					"DEBUG=1",
					"$(inherited)",
				);
				GCC_WARN_64_TO_32_BIT_CONVERSION = YES;
				GCC_WARN_ABOUT_RETURN_TYPE = YES_ERROR;
				GCC_WARN_UNDECLARED_SELECTOR = YES;
				GCC_WARN_UNINITIALIZED_AUTOS = YES_AGGRESSIVE;
				GCC_WARN_UNUSED_FUNCTION = YES;
				GCC_WARN_UNUSED_VARIABLE = YES;
				IPHONEOS_DEPLOYMENT_TARGET = 15.2;
				MTL_ENABLE_DEBUG_INFO = INCLUDE_SOURCE;
				MTL_FAST_MATH = YES;
				ONLY_ACTIVE_ARCH = YES;
				SDKROOT = iphoneos;
				SWIFT_ACTIVE_COMPILATION_CONDITIONS = DEBUG;
				SWIFT_EMIT_LOC_STRINGS = YES;
				SWIFT_OPTIMIZATION_LEVEL = "-Onone";
			};
			name = Debug;
		};
		00C8BF5427F3101100571078 /* Release */ = {
			isa = XCBuildConfiguration;
			buildSettings = {
				ALWAYS_SEARCH_USER_PATHS = NO;
				CLANG_ANALYZER_LOCALIZABILITY_NONLOCALIZED = YES;
				CLANG_ANALYZER_NONNULL = YES;
				CLANG_ANALYZER_NUMBER_OBJECT_CONVERSION = YES_AGGRESSIVE;
				CLANG_CXX_LANGUAGE_STANDARD = "gnu++17";
				CLANG_CXX_LIBRARY = "libc++";
				CLANG_ENABLE_MODULES = YES;
				CLANG_ENABLE_OBJC_ARC = YES;
				CLANG_ENABLE_OBJC_WEAK = YES;
				CLANG_WARN_BLOCK_CAPTURE_AUTORELEASING = YES;
				CLANG_WARN_BOOL_CONVERSION = YES;
				CLANG_WARN_COMMA = YES;
				CLANG_WARN_CONSTANT_CONVERSION = YES;
				CLANG_WARN_DEPRECATED_OBJC_IMPLEMENTATIONS = YES;
				CLANG_WARN_DIRECT_OBJC_ISA_USAGE = YES_ERROR;
				CLANG_WARN_DOCUMENTATION_COMMENTS = YES;
				CLANG_WARN_EMPTY_BODY = YES;
				CLANG_WARN_ENUM_CONVERSION = YES;
				CLANG_WARN_INFINITE_RECURSION = YES;
				CLANG_WARN_INT_CONVERSION = YES;
				CLANG_WARN_NON_LITERAL_NULL_CONVERSION = YES;
				CLANG_WARN_OBJC_IMPLICIT_RETAIN_SELF = YES;
				CLANG_WARN_OBJC_LITERAL_CONVERSION = YES;
				CLANG_WARN_OBJC_ROOT_CLASS = YES_ERROR;
				CLANG_WARN_QUOTED_INCLUDE_IN_FRAMEWORK_HEADER = YES;
				CLANG_WARN_RANGE_LOOP_ANALYSIS = YES;
				CLANG_WARN_STRICT_PROTOTYPES = YES;
				CLANG_WARN_SUSPICIOUS_MOVE = YES;
				CLANG_WARN_UNGUARDED_AVAILABILITY = YES_AGGRESSIVE;
				CLANG_WARN_UNREACHABLE_CODE = YES;
				CLANG_WARN__DUPLICATE_METHOD_MATCH = YES;
				COPY_PHASE_STRIP = NO;
				DEBUG_INFORMATION_FORMAT = "dwarf-with-dsym";
				ENABLE_NS_ASSERTIONS = NO;
				ENABLE_STRICT_OBJC_MSGSEND = YES;
				GCC_C_LANGUAGE_STANDARD = gnu11;
				GCC_NO_COMMON_BLOCKS = YES;
				GCC_WARN_64_TO_32_BIT_CONVERSION = YES;
				GCC_WARN_ABOUT_RETURN_TYPE = YES_ERROR;
				GCC_WARN_UNDECLARED_SELECTOR = YES;
				GCC_WARN_UNINITIALIZED_AUTOS = YES_AGGRESSIVE;
				GCC_WARN_UNUSED_FUNCTION = YES;
				GCC_WARN_UNUSED_VARIABLE = YES;
				IPHONEOS_DEPLOYMENT_TARGET = 15.2;
				MTL_ENABLE_DEBUG_INFO = NO;
				MTL_FAST_MATH = YES;
				SDKROOT = iphoneos;
				SWIFT_COMPILATION_MODE = wholemodule;
				SWIFT_EMIT_LOC_STRINGS = YES;
				SWIFT_OPTIMIZATION_LEVEL = "-O";
				VALIDATE_PRODUCT = YES;
			};
			name = Release;
		};
		00C8BF5627F3101100571078 /* Debug */ = {
			isa = XCBuildConfiguration;
			baseConfigurationReference = 3039284D91CEB8FE62401BF1 /* Pods-SalamTech.debug.xcconfig */;
			buildSettings = {
				ASSETCATALOG_COMPILER_APPICON_NAME = AppIcon;
				ASSETCATALOG_COMPILER_GLOBAL_ACCENT_COLOR_NAME = AccentColor;
				CODE_SIGN_STYLE = Automatic;
				CURRENT_PROJECT_VERSION = 1;
				DEVELOPMENT_ASSET_PATHS = "\"SalamTech/Preview Content\"";
				DEVELOPMENT_TEAM = 6M5F747CRF;
				ENABLE_PREVIEWS = YES;
				GENERATE_INFOPLIST_FILE = YES;
				INFOPLIST_KEY_UIApplicationSceneManifest_Generation = YES;
				INFOPLIST_KEY_UIApplicationSupportsIndirectInputEvents = YES;
				INFOPLIST_KEY_UILaunchScreen_Generation = YES;
				INFOPLIST_KEY_UILaunchStoryboardName = "Launch Screen";
				INFOPLIST_KEY_UISupportedInterfaceOrientations_iPad = "UIInterfaceOrientationPortrait UIInterfaceOrientationPortraitUpsideDown UIInterfaceOrientationLandscapeLeft UIInterfaceOrientationLandscapeRight";
				INFOPLIST_KEY_UISupportedInterfaceOrientations_iPhone = "UIInterfaceOrientationPortrait UIInterfaceOrientationLandscapeLeft UIInterfaceOrientationLandscapeRight";
				LD_RUNPATH_SEARCH_PATHS = (
					"$(inherited)",
					"@executable_path/Frameworks",
				);
				MARKETING_VERSION = 1.0;
				PRODUCT_BUNDLE_IDENTIFIER = com.wecancity.SalamTech;
				PRODUCT_NAME = "$(TARGET_NAME)";
				SWIFT_EMIT_LOC_STRINGS = YES;
				SWIFT_VERSION = 5.0;
				TARGETED_DEVICE_FAMILY = "1,2";
			};
			name = Debug;
		};
		00C8BF5727F3101100571078 /* Release */ = {
			isa = XCBuildConfiguration;
			baseConfigurationReference = F946DBB628833504E3FBA622 /* Pods-SalamTech.release.xcconfig */;
			buildSettings = {
				ASSETCATALOG_COMPILER_APPICON_NAME = AppIcon;
				ASSETCATALOG_COMPILER_GLOBAL_ACCENT_COLOR_NAME = AccentColor;
				CODE_SIGN_STYLE = Automatic;
				CURRENT_PROJECT_VERSION = 1;
				DEVELOPMENT_ASSET_PATHS = "\"SalamTech/Preview Content\"";
				DEVELOPMENT_TEAM = 6M5F747CRF;
				ENABLE_PREVIEWS = YES;
				GENERATE_INFOPLIST_FILE = YES;
				INFOPLIST_KEY_UIApplicationSceneManifest_Generation = YES;
				INFOPLIST_KEY_UIApplicationSupportsIndirectInputEvents = YES;
				INFOPLIST_KEY_UILaunchScreen_Generation = YES;
				INFOPLIST_KEY_UILaunchStoryboardName = "Launch Screen";
				INFOPLIST_KEY_UISupportedInterfaceOrientations_iPad = "UIInterfaceOrientationPortrait UIInterfaceOrientationPortraitUpsideDown UIInterfaceOrientationLandscapeLeft UIInterfaceOrientationLandscapeRight";
				INFOPLIST_KEY_UISupportedInterfaceOrientations_iPhone = "UIInterfaceOrientationPortrait UIInterfaceOrientationLandscapeLeft UIInterfaceOrientationLandscapeRight";
				LD_RUNPATH_SEARCH_PATHS = (
					"$(inherited)",
					"@executable_path/Frameworks",
				);
				MARKETING_VERSION = 1.0;
				PRODUCT_BUNDLE_IDENTIFIER = com.wecancity.SalamTech;
				PRODUCT_NAME = "$(TARGET_NAME)";
				SWIFT_EMIT_LOC_STRINGS = YES;
				SWIFT_VERSION = 5.0;
				TARGETED_DEVICE_FAMILY = "1,2";
			};
			name = Release;
		};
		00C8BF5927F3101100571078 /* Debug */ = {
			isa = XCBuildConfiguration;
			baseConfigurationReference = E9D7F5ECDA5BCB64B1A92F60 /* Pods-SalamTechTests.debug.xcconfig */;
			buildSettings = {
				ALWAYS_EMBED_SWIFT_STANDARD_LIBRARIES = YES;
				BUNDLE_LOADER = "$(TEST_HOST)";
				CODE_SIGN_STYLE = Automatic;
				CURRENT_PROJECT_VERSION = 1;
				DEVELOPMENT_TEAM = 6M5F747CRF;
				GENERATE_INFOPLIST_FILE = YES;
				IPHONEOS_DEPLOYMENT_TARGET = 15.2;
				MARKETING_VERSION = 1.0;
				PRODUCT_BUNDLE_IDENTIFIER = com.wecancity.SalamTechTests;
				PRODUCT_NAME = "$(TARGET_NAME)";
				SWIFT_EMIT_LOC_STRINGS = NO;
				SWIFT_VERSION = 5.0;
				TARGETED_DEVICE_FAMILY = "1,2";
				TEST_HOST = "$(BUILT_PRODUCTS_DIR)/SalamTech.app/SalamTech";
			};
			name = Debug;
		};
		00C8BF5A27F3101100571078 /* Release */ = {
			isa = XCBuildConfiguration;
			baseConfigurationReference = 57C78CE11DBABDA2067C6D67 /* Pods-SalamTechTests.release.xcconfig */;
			buildSettings = {
				ALWAYS_EMBED_SWIFT_STANDARD_LIBRARIES = YES;
				BUNDLE_LOADER = "$(TEST_HOST)";
				CODE_SIGN_STYLE = Automatic;
				CURRENT_PROJECT_VERSION = 1;
				DEVELOPMENT_TEAM = 6M5F747CRF;
				GENERATE_INFOPLIST_FILE = YES;
				IPHONEOS_DEPLOYMENT_TARGET = 15.2;
				MARKETING_VERSION = 1.0;
				PRODUCT_BUNDLE_IDENTIFIER = com.wecancity.SalamTechTests;
				PRODUCT_NAME = "$(TARGET_NAME)";
				SWIFT_EMIT_LOC_STRINGS = NO;
				SWIFT_VERSION = 5.0;
				TARGETED_DEVICE_FAMILY = "1,2";
				TEST_HOST = "$(BUILT_PRODUCTS_DIR)/SalamTech.app/SalamTech";
			};
			name = Release;
		};
		00C8BF5C27F3101100571078 /* Debug */ = {
			isa = XCBuildConfiguration;
			baseConfigurationReference = 24DE8F3F0A5F0F7DD4165F49 /* Pods-SalamTech-SalamTechUITests.debug.xcconfig */;
			buildSettings = {
				ALWAYS_EMBED_SWIFT_STANDARD_LIBRARIES = YES;
				CODE_SIGN_STYLE = Automatic;
				CURRENT_PROJECT_VERSION = 1;
				DEVELOPMENT_TEAM = 6M5F747CRF;
				GENERATE_INFOPLIST_FILE = YES;
				MARKETING_VERSION = 1.0;
				PRODUCT_BUNDLE_IDENTIFIER = com.wecancity.SalamTechUITests;
				PRODUCT_NAME = "$(TARGET_NAME)";
				SWIFT_EMIT_LOC_STRINGS = NO;
				SWIFT_VERSION = 5.0;
				TARGETED_DEVICE_FAMILY = "1,2";
				TEST_TARGET_NAME = SalamTech;
			};
			name = Debug;
		};
		00C8BF5D27F3101100571078 /* Release */ = {
			isa = XCBuildConfiguration;
			baseConfigurationReference = C145927D956D714580D8CBE3 /* Pods-SalamTech-SalamTechUITests.release.xcconfig */;
			buildSettings = {
				ALWAYS_EMBED_SWIFT_STANDARD_LIBRARIES = YES;
				CODE_SIGN_STYLE = Automatic;
				CURRENT_PROJECT_VERSION = 1;
				DEVELOPMENT_TEAM = 6M5F747CRF;
				GENERATE_INFOPLIST_FILE = YES;
				MARKETING_VERSION = 1.0;
				PRODUCT_BUNDLE_IDENTIFIER = com.wecancity.SalamTechUITests;
				PRODUCT_NAME = "$(TARGET_NAME)";
				SWIFT_EMIT_LOC_STRINGS = NO;
				SWIFT_VERSION = 5.0;
				TARGETED_DEVICE_FAMILY = "1,2";
				TEST_TARGET_NAME = SalamTech;
			};
			name = Release;
		};
/* End XCBuildConfiguration section */

/* Begin XCConfigurationList section */
		00C8BF2C27F3100F00571078 /* Build configuration list for PBXProject "SalamTech" */ = {
			isa = XCConfigurationList;
			buildConfigurations = (
				00C8BF5327F3101100571078 /* Debug */,
				00C8BF5427F3101100571078 /* Release */,
			);
			defaultConfigurationIsVisible = 0;
			defaultConfigurationName = Release;
		};
		00C8BF5527F3101100571078 /* Build configuration list for PBXNativeTarget "SalamTech" */ = {
			isa = XCConfigurationList;
			buildConfigurations = (
				00C8BF5627F3101100571078 /* Debug */,
				00C8BF5727F3101100571078 /* Release */,
			);
			defaultConfigurationIsVisible = 0;
			defaultConfigurationName = Release;
		};
		00C8BF5827F3101100571078 /* Build configuration list for PBXNativeTarget "SalamTechTests" */ = {
			isa = XCConfigurationList;
			buildConfigurations = (
				00C8BF5927F3101100571078 /* Debug */,
				00C8BF5A27F3101100571078 /* Release */,
			);
			defaultConfigurationIsVisible = 0;
			defaultConfigurationName = Release;
		};
		00C8BF5B27F3101100571078 /* Build configuration list for PBXNativeTarget "SalamTechUITests" */ = {
			isa = XCConfigurationList;
			buildConfigurations = (
				00C8BF5C27F3101100571078 /* Debug */,
				00C8BF5D27F3101100571078 /* Release */,
			);
			defaultConfigurationIsVisible = 0;
			defaultConfigurationName = Release;
		};
/* End XCConfigurationList section */
	};
	rootObject = 00C8BF2927F3100F00571078 /* Project object */;
}
